# THIS IS AN AUTOGENERATED FILE. DO NOT EDIT THIS FILE DIRECTLY.
# yarn lockfile v1


"@noble/ciphers@^0.5.1":
  version "0.5.3"
  resolved "https://registry.yarnpkg.com/@noble/ciphers/-/ciphers-0.5.3.tgz#48b536311587125e0d0c1535f73ec8375cd76b23"
  integrity sha512-B0+6IIHiqEs3BPMT0hcRmHvEj2QHOLu+uwt+tqDDeVd0oyVzh7BPrDcPjRnV1PV/5LaknXJJQvOuRGR0zQJz+w==

"@noble/curves@1.2.0":
  version "1.2.0"
  resolved "https://registry.yarnpkg.com/@noble/curves/-/curves-1.2.0.tgz#92d7e12e4e49b23105a2555c6984d41733d65c35"
  integrity sha512-oYclrNgRaM9SsBUBVbb8M6DTV7ZHRTKugureoYEncY5c65HOmRzvSiTE3y5CYaPYJA/GVkrhXEoF0M3Ya9PMnw==
  dependencies:
    "@noble/hashes" "1.3.2"

"@noble/curves@~1.1.0":
  version "1.1.0"
  resolved "https://registry.yarnpkg.com/@noble/curves/-/curves-1.1.0.tgz#f13fc667c89184bc04cccb9b11e8e7bae27d8c3d"
  integrity sha512-091oBExgENk/kGj3AZmtBDMpxQPDtxQABR2B9lb1JbVTs6ytdzZNwvhxQ4MWasRNEzlbEH8jCWFCwhF/Obj5AA==
  dependencies:
    "@noble/hashes" "1.3.1"

"@noble/hashes@1.3.1", "@noble/hashes@~1.3.0", "@noble/hashes@~1.3.1":
  version "1.3.1"
  resolved "https://registry.yarnpkg.com/@noble/hashes/-/hashes-1.3.1.tgz#8831ef002114670c603c458ab8b11328406953a9"
  integrity sha512-EbqwksQwz9xDRGfDST86whPBgM65E0OH/pCgqW0GBVzO22bNE+NuIbeTb714+IfSjU3aRk47EUvXIb5bTsenKA==

"@noble/hashes@1.3.2":
  version "1.3.2"
  resolved "https://registry.yarnpkg.com/@noble/hashes/-/hashes-1.3.2.tgz#6f26dbc8fbc7205873ce3cee2f690eba0d421b39"
  integrity sha512-MVC8EAQp7MvEcm30KWENFjgR+Mkmf+D189XJTkFIlwohU5hcBbn1ZkKq7KVTi2Hme3PMGF390DaL52beVrIihQ==

"@scure/base@1.1.1", "@scure/base@~1.1.0":
  version "1.1.1"
  resolved "https://registry.yarnpkg.com/@scure/base/-/base-1.1.1.tgz#ebb651ee52ff84f420097055f4bf46cfba403938"
  integrity sha512-ZxOhsSyxYwLJj3pLZCefNitxsj093tb2vq90mp2txoYeBqbcjDjqFhyM8eUjq/uFm6zJ+mUuqxlS2FkuSY1MTA==

"@scure/bip32@1.3.1":
  version "1.3.1"
  resolved "https://registry.yarnpkg.com/@scure/bip32/-/bip32-1.3.1.tgz#7248aea723667f98160f593d621c47e208ccbb10"
  integrity sha512-osvveYtyzdEVbt3OfwwXFr4P2iVBL5u1Q3q4ONBfDY/UpOuXmOlbgwc1xECEboY8wIays8Yt6onaWMUdUbfl0A==
  dependencies:
    "@noble/curves" "~1.1.0"
    "@noble/hashes" "~1.3.1"
    "@scure/base" "~1.1.0"

"@scure/bip39@1.2.1":
  version "1.2.1"
  resolved "https://registry.yarnpkg.com/@scure/bip39/-/bip39-1.2.1.tgz#5cee8978656b272a917b7871c981e0541ad6ac2a"
  integrity sha512-Z3/Fsz1yr904dduJD0NpiyRHhRYHdcnyh73FZWiV+/qhWi83wNJ3NWolYqCEN+ZWsUz2TWwajJggcRE9r1zUYg==
  dependencies:
    "@noble/hashes" "~1.3.0"
    "@scure/base" "~1.1.0"

dotenv@^16.3.1:
  version "16.3.1"
  resolved "https://registry.yarnpkg.com/dotenv/-/dotenv-16.3.1.tgz#369034de7d7e5b120972693352a3bf112172cc3e"
  integrity sha512-IPzF4w4/Rd94bA9imS68tZBaYyBWSCE47V1RGuMrB94iyTOIEwRmVL2x/4An+6mETpLrKJ5hQkB8W4kFAadeIQ==

nostr-tools@^2.7.2:
  version "2.7.2"
  resolved "https://registry.yarnpkg.com/nostr-tools/-/nostr-tools-2.7.2.tgz#74a6ff543a81da1dcce9563b9317faa17221acce"
  integrity sha512-Bq3Ug0SZFtgtL1+0wCnAe8AJtI7yx/00/a2nUug9SkhfOwlKS92Tef12iCK9FdwXw+oFZWMtRnSwcLayQso+xA==
  dependencies:
    "@noble/ciphers" "^0.5.1"
    "@noble/curves" "1.2.0"
    "@noble/hashes" "1.3.1"
    "@scure/base" "1.1.1"
    "@scure/bip32" "1.3.1"
    "@scure/bip39" "1.2.1"
  optionalDependencies:
    nostr-wasm v0.1.0

nostr-wasm@v0.1.0:
  version "0.1.0"
  resolved "https://registry.yarnpkg.com/nostr-wasm/-/nostr-wasm-0.1.0.tgz#17af486745feb2b7dd29503fdd81613a24058d94"
  integrity sha512-78BTryCLcLYv96ONU8Ws3Q1JzjlAt+43pWQhIl86xZmWeegYCNLPml7yQ+gG3vR6V5h4XGj+TxO+SS5dsThQIA==

ws@^8.13.0:
  version "8.13.0"
  resolved "https://registry.yarnpkg.com/ws/-/ws-8.13.0.tgz#9a9fb92f93cf41512a0735c8f4dd09b8a1211cd0"
  integrity sha512-x9vcZYTrFPC7aSIbj7sRCYo7L/Xb8Iy+pW0ng0wt2vCJv7M9HOMy0UoN3rr+IFC7hb7vXoqS+P9ktyLLLhO+LA==
